
Microsoft Visual Studio Solution File, Format Version 12.00
# Visual Studio Version 17
VisualStudioVersion = 17.11.35219.272
MinimumVisualStudioVersion = 10.0.40219.1
Project("{FAE04EC0-301F-11D3-BF4B-00C04F79EFBC}") = "Ex_fixacao_matriz", "Ex_fixacao_matriz\Ex_fixacao_matriz.csproj", "{94342D60-DE75-4CD9-9871-AA2E2D1C5E0C}"
EndProject
Global
	GlobalSection(SolutionConfigurationPlatforms) = preSolution
		Debug|Any CPU = Debug|Any CPU
		Release|Any CPU = Release|Any CPU
	EndGlobalSection
	GlobalSection(ProjectConfigurationPlatforms) = postSolution
		{94342D60-DE75-4CD9-9871-AA2E2D1C5E0C}.Debug|Any CPU.ActiveCfg = Debug|Any CPU
		{94342D60-DE75-4CD9-9871-AA2E2D1C5E0C}.Debug|Any CPU.Build.0 = Debug|Any CPU
		{94342D60-DE75-4CD9-9871-AA2E2D1C5E0C}.Release|Any CPU.ActiveCfg = Release|Any CPU
		{94342D60-DE75-4CD9-9871-AA2E2D1C5E0C}.Release|Any CPU.Build.0 = Release|Any CPU
	EndGlobalSection
	GlobalSection(SolutionProperties) = preSolution
		HideSolutionNode = FALSE
	EndGlobalSection
	GlobalSection(ExtensibilityGlobals) = postSolution
		SolutionGuid = {EEF3A9E2-B170-418F-B037-4E75FE233036}
	EndGlobalSection
EndGlobal
